
Microsoft Visual Studio Solution File, Format Version 12.00
# Visual Studio Version 17
VisualStudioVersion = 17.4.33213.308
MinimumVisualStudioVersion = 10.0.40219.1
Project("{9A19103F-16F7-4668-BE54-9A1E7A4F7556}") = "az204-blob", "az204-blob\az204-blob.csproj", "{1A9B5F24-CA31-4806-82C9-7EA56E086AEE}"
EndProject
Global
	GlobalSection(SolutionConfigurationPlatforms) = preSolution
		Debug|Any CPU = Debug|Any CPU
		Release|Any CPU = Release|Any CPU
	EndGlobalSection
	GlobalSection(ProjectConfigurationPlatforms) = postSolution
		{1A9B5F24-CA31-4806-82C9-7EA56E086AEE}.Debug|Any CPU.ActiveCfg = Debug|Any CPU
		{1A9B5F24-CA31-4806-82C9-7EA56E086AEE}.Debug|Any CPU.Build.0 = Debug|Any CPU
		{1A9B5F24-CA31-4806-82C9-7EA56E086AEE}.Release|Any CPU.ActiveCfg = Release|Any CPU
		{1A9B5F24-CA31-4806-82C9-7EA56E086AEE}.Release|Any CPU.Build.0 = Release|Any CPU
	EndGlobalSection
	GlobalSection(SolutionProperties) = preSolution
		HideSolutionNode = FALSE
	EndGlobalSection
	GlobalSection(ExtensibilityGlobals) = postSolution
		SolutionGuid = {F8160108-1669-4071-9DCC-3353C373F1CA}
	EndGlobalSection
EndGlobal
